
Microsoft Visual Studio Solution File, Format Version 12.00
# Visual Studio Version 16
VisualStudioVersion = 16.0.31410.357
MinimumVisualStudioVersion = 10.0.40219.1
Project("{9A19103F-16F7-4668-BE54-9A1E7A4F7556}") = "CapaPresentacion", "CapaPresentacion\CapaPresentacion.csproj", "{882C5096-CFAB-437F-8566-B9218C315DA1}"
EndProject
Project("{FAE04EC0-301F-11D3-BF4B-00C04F79EFBC}") = "CapaLogica", "CapaLogica\CapaLogica.csproj", "{D7B95289-0B4F-4A11-A2A5-689A9BC5F62A}"
EndProject
Global
	GlobalSection(SolutionConfigurationPlatforms) = preSolution
		Debug|Any CPU = Debug|Any CPU
		Release|Any CPU = Release|Any CPU
	EndGlobalSection
	GlobalSection(ProjectConfigurationPlatforms) = postSolution
		{882C5096-CFAB-437F-8566-B9218C315DA1}.Debug|Any CPU.ActiveCfg = Debug|Any CPU
		{882C5096-CFAB-437F-8566-B9218C315DA1}.Debug|Any CPU.Build.0 = Debug|Any CPU
		{882C5096-CFAB-437F-8566-B9218C315DA1}.Release|Any CPU.ActiveCfg = Release|Any CPU
		{882C5096-CFAB-437F-8566-B9218C315DA1}.Release|Any CPU.Build.0 = Release|Any CPU
		{D7B95289-0B4F-4A11-A2A5-689A9BC5F62A}.Debug|Any CPU.ActiveCfg = Debug|Any CPU
		{D7B95289-0B4F-4A11-A2A5-689A9BC5F62A}.Debug|Any CPU.Build.0 = Debug|Any CPU
		{D7B95289-0B4F-4A11-A2A5-689A9BC5F62A}.Release|Any CPU.ActiveCfg = Release|Any CPU
		{D7B95289-0B4F-4A11-A2A5-689A9BC5F62A}.Release|Any CPU.Build.0 = Release|Any CPU
	EndGlobalSection
	GlobalSection(SolutionProperties) = preSolution
		HideSolutionNode = FALSE
	EndGlobalSection
	GlobalSection(ExtensibilityGlobals) = postSolution
		SolutionGuid = {2A9FC3AD-F791-49A8-8985-4F533D0F5F44}
	EndGlobalSection
EndGlobal
